{
  "version": 4,
  "terraform_version": "0.14.5",
  "serial": 6,
  "lineage": "8d3df5d2-1d92-0cbd-50d3-7125859e8980",
  "outputs": {},
  "resources": [
    {
      "mode": "managed",
      "type": "yandex_compute_instance",
      "name": "vm-nginx",
      "provider": "provider[\"registry.terraform.io/yandex-cloud/yandex\"]",
      "instances": [
        {
          "schema_version": 1,
          "attributes": {
            "allow_stopping_for_update": null,
            "boot_disk": [
              {
                "auto_delete": true,
                "device_name": "fhmh5jfv8cvnksgm12uj",
                "disk_id": "fhmh5jfv8cvnksgm12uj",
                "initialize_params": [
                  {
                    "description": "",
                    "image_id": "fd87nk366cvaff2mblbr",
                    "name": "",
                    "size": 2,
                    "snapshot_id": "",
                    "type": "network-hdd"
                  }
                ],
                "mode": "READ_WRITE"
              }
            ],
            "created_at": "2021-01-24T23:51:18Z",
            "description": "",
            "folder_id": "b1gr4uktqd7imega28kt",
            "fqdn": "fhmtbbefrtc726hgbok8.auto.internal",
            "hostname": "fhmtbbefrtc726hgbok8",
            "id": "fhmtbbefrtc726hgbok8",
            "labels": null,
            "metadata": {
              "ssh-keys": "hw2:ssh-rsa AAAAB3NzaC1yc2EAAAADAQABAAABAQCpqz3JAbjZz8cO/7yUOGsMaChndeD7FXhitpX61zSOgcNXcaS6RYTagppMgZSxj1EFUyGQxaNGRr4zvYQ9uPwqiUMwENTNNEBKO1Q4XUSLUt+mpN29Y9c9ZLUhObI/u5NQgwmc11Fu4uZ9I2zdRHcH/DastPaX03A4wpeuLyQz6XAho/B+Q7JH5RrJnXHYWgU23/ZEoErPXcpOg23c+bjj6gGl8YKeWaEqk1qjUk7IXIwjZq/EJVDvuLtFNd/vErvb4tThvo2KowXxYqE9aox93o0hSiXPkrENBzHBUh8BUgUIrG8YV9ZCejFXBP/E4uNgLsSIH7U8oSvCKTUv248/ arodionov18@gmail.com\n"
            },
            "name": "terraform-nginx",
            "network_acceleration_type": "standard",
            "network_interface": [
              {
                "index": 0,
                "ip_address": "10.0.0.26",
                "ipv4": true,
                "ipv6": false,
                "ipv6_address": "",
                "mac_address": "d0:0d:1d:5a:dc:fd",
                "nat": true,
                "nat_ip_address": "84.201.175.164",
                "nat_ip_version": "IPV4",
                "security_group_ids": [],
                "subnet_id": "e9bvb5fjigb8cm692ji4"
              }
            ],
            "platform_id": "standard-v1",
            "resources": [
              {
                "core_fraction": 5,
                "cores": 2,
                "gpus": 0,
                "memory": 1
              }
            ],
            "scheduling_policy": [
              {
                "preemptible": false
              }
            ],
            "secondary_disk": [],
            "service_account_id": "",
            "status": "running",
            "timeouts": null,
            "zone": "ru-central1-a"
          },
          "sensitive_attributes": [],
          "private": "eyJlMmJmYjczMC1lY2FhLTExZTYtOGY4OC0zNDM2M2JjN2M0YzAiOnsiY3JlYXRlIjozMDAwMDAwMDAwMDAsImRlbGV0ZSI6MzAwMDAwMDAwMDAwLCJ1cGRhdGUiOjMwMDAwMDAwMDAwMH0sInNjaGVtYV92ZXJzaW9uIjoiMSJ9"
        }
      ]
    },
    {
      "mode": "managed",
      "type": "yandex_compute_instance",
      "name": "vm-postgres",
      "provider": "provider[\"registry.terraform.io/yandex-cloud/yandex\"]",
      "instances": [
        {
          "schema_version": 1,
          "attributes": {
            "allow_stopping_for_update": null,
            "boot_disk": [
              {
                "auto_delete": true,
                "device_name": "fhm4bje20po9e29n4mqc",
                "disk_id": "fhm4bje20po9e29n4mqc",
                "initialize_params": [
                  {
                    "description": "",
                    "image_id": "fd80lqp9cp96q4nfae51",
                    "name": "",
                    "size": 3,
                    "snapshot_id": "",
                    "type": "network-hdd"
                  }
                ],
                "mode": "READ_WRITE"
              }
            ],
            "created_at": "2021-01-24T23:51:18Z",
            "description": "",
            "folder_id": "b1gr4uktqd7imega28kt",
            "fqdn": "fhm44h5i5rl79pckj8oh.auto.internal",
            "hostname": "fhm44h5i5rl79pckj8oh",
            "id": "fhm44h5i5rl79pckj8oh",
            "labels": null,
            "metadata": {
              "ssh-keys": "hw2:ssh-rsa AAAAB3NzaC1yc2EAAAADAQABAAABAQCpqz3JAbjZz8cO/7yUOGsMaChndeD7FXhitpX61zSOgcNXcaS6RYTagppMgZSxj1EFUyGQxaNGRr4zvYQ9uPwqiUMwENTNNEBKO1Q4XUSLUt+mpN29Y9c9ZLUhObI/u5NQgwmc11Fu4uZ9I2zdRHcH/DastPaX03A4wpeuLyQz6XAho/B+Q7JH5RrJnXHYWgU23/ZEoErPXcpOg23c+bjj6gGl8YKeWaEqk1qjUk7IXIwjZq/EJVDvuLtFNd/vErvb4tThvo2KowXxYqE9aox93o0hSiXPkrENBzHBUh8BUgUIrG8YV9ZCejFXBP/E4uNgLsSIH7U8oSvCKTUv248/ arodionov18@gmail.com\n"
            },
            "name": "terraform-postgres",
            "network_acceleration_type": "standard",
            "network_interface": [
              {
                "index": 0,
                "ip_address": "10.0.0.4",
                "ipv4": true,
                "ipv6": false,
                "ipv6_address": "",
                "mac_address": "d0:0d:42:44:b2:2e",
                "nat": false,
                "nat_ip_address": "",
                "nat_ip_version": "",
                "security_group_ids": [],
                "subnet_id": "e9bvb5fjigb8cm692ji4"
              }
            ],
            "platform_id": "standard-v1",
            "resources": [
              {
                "core_fraction": 5,
                "cores": 2,
                "gpus": 0,
                "memory": 1
              }
            ],
            "scheduling_policy": [
              {
                "preemptible": false
              }
            ],
            "secondary_disk": [],
            "service_account_id": "",
            "status": "running",
            "timeouts": null,
            "zone": "ru-central1-a"
          },
          "sensitive_attributes": [],
          "private": "eyJlMmJmYjczMC1lY2FhLTExZTYtOGY4OC0zNDM2M2JjN2M0YzAiOnsiY3JlYXRlIjozMDAwMDAwMDAwMDAsImRlbGV0ZSI6MzAwMDAwMDAwMDAwLCJ1cGRhdGUiOjMwMDAwMDAwMDAwMH0sInNjaGVtYV92ZXJzaW9uIjoiMSJ9"
        }
      ]
    },
    {
      "mode": "managed",
      "type": "yandex_compute_instance",
      "name": "vm-web1",
      "provider": "provider[\"registry.terraform.io/yandex-cloud/yandex\"]",
      "instances": [
        {
          "schema_version": 1,
          "attributes": {
            "allow_stopping_for_update": null,
            "boot_disk": [
              {
                "auto_delete": true,
                "device_name": "fhmuu7n7ds8i6n1f2mra",
                "disk_id": "fhmuu7n7ds8i6n1f2mra",
                "initialize_params": [
                  {
                    "description": "",
                    "image_id": "fd87nk366cvaff2mblbr",
                    "name": "",
                    "size": 2,
                    "snapshot_id": "",
                    "type": "network-hdd"
                  }
                ],
                "mode": "READ_WRITE"
              }
            ],
            "created_at": "2021-01-24T23:51:18Z",
            "description": "",
            "folder_id": "b1gr4uktqd7imega28kt",
            "fqdn": "fhm2gb257eni7ihpq5qh.auto.internal",
            "hostname": "fhm2gb257eni7ihpq5qh",
            "id": "fhm2gb257eni7ihpq5qh",
            "labels": null,
            "metadata": {
              "ssh-keys": "hw2:ssh-rsa AAAAB3NzaC1yc2EAAAADAQABAAABAQCpqz3JAbjZz8cO/7yUOGsMaChndeD7FXhitpX61zSOgcNXcaS6RYTagppMgZSxj1EFUyGQxaNGRr4zvYQ9uPwqiUMwENTNNEBKO1Q4XUSLUt+mpN29Y9c9ZLUhObI/u5NQgwmc11Fu4uZ9I2zdRHcH/DastPaX03A4wpeuLyQz6XAho/B+Q7JH5RrJnXHYWgU23/ZEoErPXcpOg23c+bjj6gGl8YKeWaEqk1qjUk7IXIwjZq/EJVDvuLtFNd/vErvb4tThvo2KowXxYqE9aox93o0hSiXPkrENBzHBUh8BUgUIrG8YV9ZCejFXBP/E4uNgLsSIH7U8oSvCKTUv248/ arodionov18@gmail.com\n"
            },
            "name": "terraform-web1",
            "network_acceleration_type": "standard",
            "network_interface": [
              {
                "index": 0,
                "ip_address": "10.0.0.7",
                "ipv4": true,
                "ipv6": false,
                "ipv6_address": "",
                "mac_address": "d0:0d:28:2c:45:3b",
                "nat": false,
                "nat_ip_address": "",
                "nat_ip_version": "",
                "security_group_ids": [],
                "subnet_id": "e9bvb5fjigb8cm692ji4"
              }
            ],
            "platform_id": "standard-v1",
            "resources": [
              {
                "core_fraction": 5,
                "cores": 2,
                "gpus": 0,
                "memory": 1
              }
            ],
            "scheduling_policy": [
              {
                "preemptible": false
              }
            ],
            "secondary_disk": [],
            "service_account_id": "",
            "status": "running",
            "timeouts": null,
            "zone": "ru-central1-a"
          },
          "sensitive_attributes": [],
          "private": "eyJlMmJmYjczMC1lY2FhLTExZTYtOGY4OC0zNDM2M2JjN2M0YzAiOnsiY3JlYXRlIjozMDAwMDAwMDAwMDAsImRlbGV0ZSI6MzAwMDAwMDAwMDAwLCJ1cGRhdGUiOjMwMDAwMDAwMDAwMH0sInNjaGVtYV92ZXJzaW9uIjoiMSJ9"
        }
      ]
    },
    {
      "mode": "managed",
      "type": "yandex_compute_instance",
      "name": "vm-web2",
      "provider": "provider[\"registry.terraform.io/yandex-cloud/yandex\"]",
      "instances": [
        {
          "schema_version": 1,
          "attributes": {
            "allow_stopping_for_update": null,
            "boot_disk": [
              {
                "auto_delete": true,
                "device_name": "fhmoq08c4fv1sjl1e9ja",
                "disk_id": "fhmoq08c4fv1sjl1e9ja",
                "initialize_params": [
                  {
                    "description": "",
                    "image_id": "fd87nk366cvaff2mblbr",
                    "name": "",
                    "size": 2,
                    "snapshot_id": "",
                    "type": "network-hdd"
                  }
                ],
                "mode": "READ_WRITE"
              }
            ],
            "created_at": "2021-01-24T23:51:18Z",
            "description": "",
            "folder_id": "b1gr4uktqd7imega28kt",
            "fqdn": "fhmj5q28amrln9oemlrb.auto.internal",
            "hostname": "fhmj5q28amrln9oemlrb",
            "id": "fhmj5q28amrln9oemlrb",
            "labels": null,
            "metadata": {
              "ssh-keys": "hw2:ssh-rsa AAAAB3NzaC1yc2EAAAADAQABAAABAQCpqz3JAbjZz8cO/7yUOGsMaChndeD7FXhitpX61zSOgcNXcaS6RYTagppMgZSxj1EFUyGQxaNGRr4zvYQ9uPwqiUMwENTNNEBKO1Q4XUSLUt+mpN29Y9c9ZLUhObI/u5NQgwmc11Fu4uZ9I2zdRHcH/DastPaX03A4wpeuLyQz6XAho/B+Q7JH5RrJnXHYWgU23/ZEoErPXcpOg23c+bjj6gGl8YKeWaEqk1qjUk7IXIwjZq/EJVDvuLtFNd/vErvb4tThvo2KowXxYqE9aox93o0hSiXPkrENBzHBUh8BUgUIrG8YV9ZCejFXBP/E4uNgLsSIH7U8oSvCKTUv248/ arodionov18@gmail.com\n"
            },
            "name": "terraform-web2",
            "network_acceleration_type": "standard",
            "network_interface": [
              {
                "index": 0,
                "ip_address": "10.0.0.34",
                "ipv4": true,
                "ipv6": false,
                "ipv6_address": "",
                "mac_address": "d0:0d:13:2e:84:85",
                "nat": false,
                "nat_ip_address": "",
                "nat_ip_version": "",
                "security_group_ids": [],
                "subnet_id": "e9bvb5fjigb8cm692ji4"
              }
            ],
            "platform_id": "standard-v1",
            "resources": [
              {
                "core_fraction": 5,
                "cores": 2,
                "gpus": 0,
                "memory": 1
              }
            ],
            "scheduling_policy": [
              {
                "preemptible": false
              }
            ],
            "secondary_disk": [],
            "service_account_id": "",
            "status": "running",
            "timeouts": null,
            "zone": "ru-central1-a"
          },
          "sensitive_attributes": [],
          "private": "eyJlMmJmYjczMC1lY2FhLTExZTYtOGY4OC0zNDM2M2JjN2M0YzAiOnsiY3JlYXRlIjozMDAwMDAwMDAwMDAsImRlbGV0ZSI6MzAwMDAwMDAwMDAwLCJ1cGRhdGUiOjMwMDAwMDAwMDAwMH0sInNjaGVtYV92ZXJzaW9uIjoiMSJ9"
        }
      ]
    }
  ]
}
